
Microsoft Visual Studio Solution File, Format Version 12.00
# Visual Studio Version 16
VisualStudioVersion = 16.0.30002.166
MinimumVisualStudioVersion = 10.0.40219.1
Project("{FAE04EC0-301F-11D3-BF4B-00C04F79EFBC}") = "biblioteka", "biblioteka\biblioteka.csproj", "{29E45156-2CE2-45EA-9175-0DA20BC91731}"
EndProject
Global
	GlobalSection(SolutionConfigurationPlatforms) = preSolution
		Debug|Any CPU = Debug|Any CPU
		Release|Any CPU = Release|Any CPU
	EndGlobalSection
	GlobalSection(ProjectConfigurationPlatforms) = postSolution
		{29E45156-2CE2-45EA-9175-0DA20BC91731}.Debug|Any CPU.ActiveCfg = Debug|Any CPU
		{29E45156-2CE2-45EA-9175-0DA20BC91731}.Debug|Any CPU.Build.0 = Debug|Any CPU
		{29E45156-2CE2-45EA-9175-0DA20BC91731}.Release|Any CPU.ActiveCfg = Release|Any CPU
		{29E45156-2CE2-45EA-9175-0DA20BC91731}.Release|Any CPU.Build.0 = Release|Any CPU
	EndGlobalSection
	GlobalSection(SolutionProperties) = preSolution
		HideSolutionNode = FALSE
	EndGlobalSection
	GlobalSection(ExtensibilityGlobals) = postSolution
		SolutionGuid = {7CD97B76-28FA-4701-A7F0-C2D9D8F58C93}
	EndGlobalSection
EndGlobal
